
Microsoft Visual Studio Solution File, Format Version 12.00
# Visual Studio Version 17
VisualStudioVersion = 17.14.36109.1
MinimumVisualStudioVersion = 10.0.40219.1
Project("{FAE04EC0-301F-11D3-BF4B-00C04F79EFBC}") = "konu-01-Değişkenler", "konu-01-Değişkenler\konu-01-Değişkenler.csproj", "{A749673C-1313-4FB6-A33F-2B3806A603BA}"
EndProject
Project("{FAE04EC0-301F-11D3-BF4B-00C04F79EFBC}") = "Konu-02-TIP-DONUSUMLEI", "Konu-02-TIP-DONUSUMLEI\Konu-02-TIP-DONUSUMLEI.csproj", "{2F79D0B8-A55C-45CD-A528-43C1B200ADF1}"
EndProject
Project("{FAE04EC0-301F-11D3-BF4B-00C04F79EFBC}") = "Konu-03-OERATÖRLER", "Konu-3-OERATÖRLER\Konu-03-OERATÖRLER.csproj", "{B61C61BD-F38D-4251-850E-342354337F3D}"
EndProject
Project("{FAE04EC0-301F-11D3-BF4B-00C04F79EFBC}") = "Konu-04-KARAR-YAPİLARİ", "Konu-4-KARAR-YAPİLARİ\Konu-04-KARAR-YAPİLARİ.csproj", "{AAC71E4C-52AD-4914-98CE-A7575F2FF089}"
EndProject
Project("{FAE04EC0-301F-11D3-BF4B-00C04F79EFBC}") = "PROJE-1------HESAP-MAKİNESİ", "PROJE-1------HESAP-MAKİNESİ\PROJE-1------HESAP-MAKİNESİ.csproj", "{249CFDC4-17A0-4E80-921D-FDDB2AA22C51}"
EndProject
Project("{FAE04EC0-301F-11D3-BF4B-00C04F79EFBC}") = "Konu-05-METHOTLAR", "Konu-05-METHOTLAR\Konu-05-METHOTLAR.csproj", "{11E54E4A-156F-405B-BD95-E1EC574BAB28}"
EndProject
Project("{FAE04EC0-301F-11D3-BF4B-00C04F79EFBC}") = "Konu-06-DİZİLER", "Konu-06-DİZİLER\Konu-06-DİZİLER.csproj", "{A9239DAA-7FF0-4CB1-BCFA-5E21CB0B34EF}"
EndProject
Project("{FAE04EC0-301F-11D3-BF4B-00C04F79EFBC}") = "Hesap-Makinesi-Proje-2", "Hesap-Makinesi-Proje-2\Hesap-Makinesi-Proje-2.csproj", "{7EC907C5-8851-40A8-AEAD-6873533CC69A}"
EndProject
Project("{FAE04EC0-301F-11D3-BF4B-00C04F79EFBC}") = "Konu-07-Donguler", "Konu-07-Donguler\Konu-07-Donguler.csproj", "{373843EB-7A77-4484-A53C-2DA4DBCB347F}"
EndProject
Project("{FAE04EC0-301F-11D3-BF4B-00C04F79EFBC}") = "Konu-08-SINIFLAR-CLASS", "Konu-8-SINIFLAR-CLASS\Konu-08-SINIFLAR-CLASS.csproj", "{97BDC00A-5036-412E-9594-F6B62940842B}"
EndProject
Project("{FAE04EC0-301F-11D3-BF4B-00C04F79EFBC}") = "DENEME-01-ATM", "DENEME-01-ATM\DENEME-01-ATM.csproj", "{66911160-87C3-422C-B536-150F99878A0B}"
EndProject
Project("{FAE04EC0-301F-11D3-BF4B-00C04F79EFBC}") = "Propartys-Deneme-KırmızıSite", "Propartys-Deneme-KırmızıSite\Propartys-Deneme-KırmızıSite.csproj", "{439421D7-3873-4B26-9246-07D0B6A9DC86}"
EndProject
Project("{FAE04EC0-301F-11D3-BF4B-00C04F79EFBC}") = "Konu-09-Struct-YAPILAR", "Konu-09-Struct-YAPILAR\Konu-09-Struct-YAPILAR.csproj", "{12B26099-F8EF-4C54-8085-C285E50A29EA}"
EndProject
Project("{FAE04EC0-301F-11D3-BF4B-00C04F79EFBC}") = "Konu-10-String-Sinifi", "Konu-10-String-Sinifi\Konu-10-String-Sinifi.csproj", "{241E45EF-8FA8-4693-BAB4-509399889A73}"
EndProject
Project("{FAE04EC0-301F-11D3-BF4B-00C04F79EFBC}") = "Konu-11-Enumlar", "Konu-11-Enumlar\Konu-11-Enumlar.csproj", "{7DDDACFE-9FAE-41D7-8A3B-90D48023DF5A}"
EndProject
Project("{FAE04EC0-301F-11D3-BF4B-00C04F79EFBC}") = "Konu-12-Kalıtım-İNHERİTANCE", "Konu-12-Kalıtım-İNHERİTANCE\Konu-12-Kalıtım-İNHERİTANCE.csproj", "{F2119C9F-64BB-4EEF-BA5D-001D8BD24F24}"
EndProject
Global
	GlobalSection(SolutionConfigurationPlatforms) = preSolution
		Debug|Any CPU = Debug|Any CPU
		Release|Any CPU = Release|Any CPU
	EndGlobalSection
	GlobalSection(ProjectConfigurationPlatforms) = postSolution
		{A749673C-1313-4FB6-A33F-2B3806A603BA}.Debug|Any CPU.ActiveCfg = Debug|Any CPU
		{A749673C-1313-4FB6-A33F-2B3806A603BA}.Debug|Any CPU.Build.0 = Debug|Any CPU
		{A749673C-1313-4FB6-A33F-2B3806A603BA}.Release|Any CPU.ActiveCfg = Release|Any CPU
		{A749673C-1313-4FB6-A33F-2B3806A603BA}.Release|Any CPU.Build.0 = Release|Any CPU
		{2F79D0B8-A55C-45CD-A528-43C1B200ADF1}.Debug|Any CPU.ActiveCfg = Debug|Any CPU
		{2F79D0B8-A55C-45CD-A528-43C1B200ADF1}.Debug|Any CPU.Build.0 = Debug|Any CPU
		{2F79D0B8-A55C-45CD-A528-43C1B200ADF1}.Release|Any CPU.ActiveCfg = Release|Any CPU
		{2F79D0B8-A55C-45CD-A528-43C1B200ADF1}.Release|Any CPU.Build.0 = Release|Any CPU
		{B61C61BD-F38D-4251-850E-342354337F3D}.Debug|Any CPU.ActiveCfg = Debug|Any CPU
		{B61C61BD-F38D-4251-850E-342354337F3D}.Debug|Any CPU.Build.0 = Debug|Any CPU
		{B61C61BD-F38D-4251-850E-342354337F3D}.Release|Any CPU.ActiveCfg = Release|Any CPU
		{B61C61BD-F38D-4251-850E-342354337F3D}.Release|Any CPU.Build.0 = Release|Any CPU
		{AAC71E4C-52AD-4914-98CE-A7575F2FF089}.Debug|Any CPU.ActiveCfg = Debug|Any CPU
		{AAC71E4C-52AD-4914-98CE-A7575F2FF089}.Debug|Any CPU.Build.0 = Debug|Any CPU
		{AAC71E4C-52AD-4914-98CE-A7575F2FF089}.Release|Any CPU.ActiveCfg = Release|Any CPU
		{AAC71E4C-52AD-4914-98CE-A7575F2FF089}.Release|Any CPU.Build.0 = Release|Any CPU
		{249CFDC4-17A0-4E80-921D-FDDB2AA22C51}.Debug|Any CPU.ActiveCfg = Debug|Any CPU
		{249CFDC4-17A0-4E80-921D-FDDB2AA22C51}.Debug|Any CPU.Build.0 = Debug|Any CPU
		{249CFDC4-17A0-4E80-921D-FDDB2AA22C51}.Release|Any CPU.ActiveCfg = Release|Any CPU
		{249CFDC4-17A0-4E80-921D-FDDB2AA22C51}.Release|Any CPU.Build.0 = Release|Any CPU
		{11E54E4A-156F-405B-BD95-E1EC574BAB28}.Debug|Any CPU.ActiveCfg = Debug|Any CPU
		{11E54E4A-156F-405B-BD95-E1EC574BAB28}.Debug|Any CPU.Build.0 = Debug|Any CPU
		{11E54E4A-156F-405B-BD95-E1EC574BAB28}.Release|Any CPU.ActiveCfg = Release|Any CPU
		{11E54E4A-156F-405B-BD95-E1EC574BAB28}.Release|Any CPU.Build.0 = Release|Any CPU
		{A9239DAA-7FF0-4CB1-BCFA-5E21CB0B34EF}.Debug|Any CPU.ActiveCfg = Debug|Any CPU
		{A9239DAA-7FF0-4CB1-BCFA-5E21CB0B34EF}.Debug|Any CPU.Build.0 = Debug|Any CPU
		{A9239DAA-7FF0-4CB1-BCFA-5E21CB0B34EF}.Release|Any CPU.ActiveCfg = Release|Any CPU
		{A9239DAA-7FF0-4CB1-BCFA-5E21CB0B34EF}.Release|Any CPU.Build.0 = Release|Any CPU
		{7EC907C5-8851-40A8-AEAD-6873533CC69A}.Debug|Any CPU.ActiveCfg = Debug|Any CPU
		{7EC907C5-8851-40A8-AEAD-6873533CC69A}.Debug|Any CPU.Build.0 = Debug|Any CPU
		{7EC907C5-8851-40A8-AEAD-6873533CC69A}.Release|Any CPU.ActiveCfg = Release|Any CPU
		{7EC907C5-8851-40A8-AEAD-6873533CC69A}.Release|Any CPU.Build.0 = Release|Any CPU
		{373843EB-7A77-4484-A53C-2DA4DBCB347F}.Debug|Any CPU.ActiveCfg = Debug|Any CPU
		{373843EB-7A77-4484-A53C-2DA4DBCB347F}.Debug|Any CPU.Build.0 = Debug|Any CPU
		{373843EB-7A77-4484-A53C-2DA4DBCB347F}.Release|Any CPU.ActiveCfg = Release|Any CPU
		{373843EB-7A77-4484-A53C-2DA4DBCB347F}.Release|Any CPU.Build.0 = Release|Any CPU
		{97BDC00A-5036-412E-9594-F6B62940842B}.Debug|Any CPU.ActiveCfg = Debug|Any CPU
		{97BDC00A-5036-412E-9594-F6B62940842B}.Debug|Any CPU.Build.0 = Debug|Any CPU
		{97BDC00A-5036-412E-9594-F6B62940842B}.Release|Any CPU.ActiveCfg = Release|Any CPU
		{97BDC00A-5036-412E-9594-F6B62940842B}.Release|Any CPU.Build.0 = Release|Any CPU
		{66911160-87C3-422C-B536-150F99878A0B}.Debug|Any CPU.ActiveCfg = Debug|Any CPU
		{66911160-87C3-422C-B536-150F99878A0B}.Debug|Any CPU.Build.0 = Debug|Any CPU
		{66911160-87C3-422C-B536-150F99878A0B}.Release|Any CPU.ActiveCfg = Release|Any CPU
		{66911160-87C3-422C-B536-150F99878A0B}.Release|Any CPU.Build.0 = Release|Any CPU
		{439421D7-3873-4B26-9246-07D0B6A9DC86}.Debug|Any CPU.ActiveCfg = Debug|Any CPU
		{439421D7-3873-4B26-9246-07D0B6A9DC86}.Debug|Any CPU.Build.0 = Debug|Any CPU
		{439421D7-3873-4B26-9246-07D0B6A9DC86}.Release|Any CPU.ActiveCfg = Release|Any CPU
		{439421D7-3873-4B26-9246-07D0B6A9DC86}.Release|Any CPU.Build.0 = Release|Any CPU
		{12B26099-F8EF-4C54-8085-C285E50A29EA}.Debug|Any CPU.ActiveCfg = Debug|Any CPU
		{12B26099-F8EF-4C54-8085-C285E50A29EA}.Debug|Any CPU.Build.0 = Debug|Any CPU
		{12B26099-F8EF-4C54-8085-C285E50A29EA}.Release|Any CPU.ActiveCfg = Release|Any CPU
		{12B26099-F8EF-4C54-8085-C285E50A29EA}.Release|Any CPU.Build.0 = Release|Any CPU
		{241E45EF-8FA8-4693-BAB4-509399889A73}.Debug|Any CPU.ActiveCfg = Debug|Any CPU
		{241E45EF-8FA8-4693-BAB4-509399889A73}.Debug|Any CPU.Build.0 = Debug|Any CPU
		{241E45EF-8FA8-4693-BAB4-509399889A73}.Release|Any CPU.ActiveCfg = Release|Any CPU
		{241E45EF-8FA8-4693-BAB4-509399889A73}.Release|Any CPU.Build.0 = Release|Any CPU
		{7DDDACFE-9FAE-41D7-8A3B-90D48023DF5A}.Debug|Any CPU.ActiveCfg = Debug|Any CPU
		{7DDDACFE-9FAE-41D7-8A3B-90D48023DF5A}.Debug|Any CPU.Build.0 = Debug|Any CPU
		{7DDDACFE-9FAE-41D7-8A3B-90D48023DF5A}.Release|Any CPU.ActiveCfg = Release|Any CPU
		{7DDDACFE-9FAE-41D7-8A3B-90D48023DF5A}.Release|Any CPU.Build.0 = Release|Any CPU
		{F2119C9F-64BB-4EEF-BA5D-001D8BD24F24}.Debug|Any CPU.ActiveCfg = Debug|Any CPU
		{F2119C9F-64BB-4EEF-BA5D-001D8BD24F24}.Debug|Any CPU.Build.0 = Debug|Any CPU
		{F2119C9F-64BB-4EEF-BA5D-001D8BD24F24}.Release|Any CPU.ActiveCfg = Release|Any CPU
		{F2119C9F-64BB-4EEF-BA5D-001D8BD24F24}.Release|Any CPU.Build.0 = Release|Any CPU
	EndGlobalSection
	GlobalSection(SolutionProperties) = preSolution
		HideSolutionNode = FALSE
	EndGlobalSection
	GlobalSection(ExtensibilityGlobals) = postSolution
		SolutionGuid = {29B3D3DB-FAB8-444C-BB0E-549D004FA766}
	EndGlobalSection
EndGlobal
